
Microsoft Visual Studio Solution File, Format Version 12.00
# Visual Studio Version 16
VisualStudioVersion = 16.0.29411.108
MinimumVisualStudioVersion = 10.0.40219.1
Project("{FAE04EC0-301F-11D3-BF4B-00C04F79EFBC}") = "Usrednator", "Usrednator\Usrednator.csproj", "{AD6E9B60-F5E4-4A73-A15E-E171BE5D2145}"
EndProject
Global
	GlobalSection(SolutionConfigurationPlatforms) = preSolution
		Debug|Any CPU = Debug|Any CPU
		Release|Any CPU = Release|Any CPU
	EndGlobalSection
	GlobalSection(ProjectConfigurationPlatforms) = postSolution
		{AD6E9B60-F5E4-4A73-A15E-E171BE5D2145}.Debug|Any CPU.ActiveCfg = Debug|Any CPU
		{AD6E9B60-F5E4-4A73-A15E-E171BE5D2145}.Debug|Any CPU.Build.0 = Debug|Any CPU
		{AD6E9B60-F5E4-4A73-A15E-E171BE5D2145}.Release|Any CPU.ActiveCfg = Release|Any CPU
		{AD6E9B60-F5E4-4A73-A15E-E171BE5D2145}.Release|Any CPU.Build.0 = Release|Any CPU
	EndGlobalSection
	GlobalSection(SolutionProperties) = preSolution
		HideSolutionNode = FALSE
	EndGlobalSection
	GlobalSection(ExtensibilityGlobals) = postSolution
		SolutionGuid = {945A9914-D932-406E-BA74-1CF00FAC690F}
	EndGlobalSection
EndGlobal
